
Microsoft Visual Studio Solution File, Format Version 12.00
# Visual Studio Version 17
VisualStudioVersion = 17.0.31903.59
MinimumVisualStudioVersion = 10.0.40219.1
Project("{FAE04EC0-301F-11D3-BF4B-00C04F79EFBC}") = "UtmBuilder.Core", "UtmBuilder.Core\UtmBuilder.Core.csproj", "{94A4F331-78AE-4AFD-9774-83C71AD3D452}"
EndProject
Project("{FAE04EC0-301F-11D3-BF4B-00C04F79EFBC}") = "UtmBuilder.Core.Tests", "UtmBuilder.Core.Tests\UtmBuilder.Core.Tests.csproj", "{C6441A90-AF4B-4039-82A5-48534E2A651A}"
EndProject
Global
	GlobalSection(SolutionConfigurationPlatforms) = preSolution
		Debug|Any CPU = Debug|Any CPU
		Release|Any CPU = Release|Any CPU
	EndGlobalSection
	GlobalSection(SolutionProperties) = preSolution
		HideSolutionNode = FALSE
	EndGlobalSection
	GlobalSection(ProjectConfigurationPlatforms) = postSolution
		{94A4F331-78AE-4AFD-9774-83C71AD3D452}.Debug|Any CPU.ActiveCfg = Debug|Any CPU
		{94A4F331-78AE-4AFD-9774-83C71AD3D452}.Debug|Any CPU.Build.0 = Debug|Any CPU
		{94A4F331-78AE-4AFD-9774-83C71AD3D452}.Release|Any CPU.ActiveCfg = Release|Any CPU
		{94A4F331-78AE-4AFD-9774-83C71AD3D452}.Release|Any CPU.Build.0 = Release|Any CPU
		{C6441A90-AF4B-4039-82A5-48534E2A651A}.Debug|Any CPU.ActiveCfg = Debug|Any CPU
		{C6441A90-AF4B-4039-82A5-48534E2A651A}.Debug|Any CPU.Build.0 = Debug|Any CPU
		{C6441A90-AF4B-4039-82A5-48534E2A651A}.Release|Any CPU.ActiveCfg = Release|Any CPU
		{C6441A90-AF4B-4039-82A5-48534E2A651A}.Release|Any CPU.Build.0 = Release|Any CPU
	EndGlobalSection
EndGlobal
